{
  "nodes": {
    "devkitnix": {
      "inputs": {
        "nixpkgs": [
          "nixpkgs"
        ]
      },
      "locked": {
        "lastModified": 1668814074,
        "narHash": "sha256-Gui88Iwaat761Tb9CBO0fOtQprClVqnxWX65MHJwcxE=",
        "owner": "knarkzel",
        "repo": "devkitnix",
        "rev": "91bdb47569326ea52abc8aecd55f02e7d759c7f8",
        "type": "github"
      },
      "original": {
        "owner": "knarkzel",
        "repo": "devkitnix",
        "type": "github"
      }
    },
    "flake-compat": {
      "flake": false,
      "locked": {
        "lastModified": 1668681692,
        "narHash": "sha256-Ht91NGdewz8IQLtWZ9LCeNXMSXHUss+9COoqu6JLmXU=",
        "owner": "edolstra",
        "repo": "flake-compat",
        "rev": "009399224d5e398d03b22badca40a37ac85412a1",
        "type": "github"
      },
      "original": {
        "owner": "edolstra",
        "repo": "flake-compat",
        "type": "github"
      }
    },
    "nixpkgs": {
      "locked": {
        "lastModified": 1668718654,
        "narHash": "sha256-4R4hejD1de5K9oVc1WdDeKyQcV0zh0Tk351X+jLR9qM=",
        "owner": "NixOS",
        "repo": "nixpkgs",
        "rev": "8cc081471e3a25e1f2493a3c02cbfa975443914b",
        "type": "github"
      },
      "original": {
        "owner": "NixOS",
        "ref": "nixos-22.05",
        "repo": "nixpkgs",
        "type": "github"
      }
    },
    "root": {
      "inputs": {
        "devkitnix": "devkitnix",
        "flake-compat": "flake-compat",
        "nixpkgs": "nixpkgs"
      }
    }
  },
  "root": "root",
  "version": 7
}
