{
  "nodes": {
    "devkitnix": {
      "inputs": {
        "nixpkgs": [
          "nixpkgs"
        ]
      },
      "locked": {
        "lastModified": 1668816049,
        "narHash": "sha256-MfOv0sY4RR7zmCDkM3tLkQID3DQnOAk1eO5o1QVEb6g=",
        "owner": "knarkzel",
        "repo": "devkitnix",
        "rev": "ed1a8e082153d1141ab57ce6f94d87cb0b24af51",
        "type": "github"
      },
      "original": {
        "owner": "knarkzel",
        "repo": "devkitnix",
        "type": "github"
      }
    },
    "flake-compat": {
      "flake": false,
      "locked": {
        "lastModified": 1668681692,
        "narHash": "sha256-Ht91NGdewz8IQLtWZ9LCeNXMSXHUss+9COoqu6JLmXU=",
        "owner": "edolstra",
        "repo": "flake-compat",
        "rev": "009399224d5e398d03b22badca40a37ac85412a1",
        "type": "github"
      },
      "original": {
        "owner": "edolstra",
        "repo": "flake-compat",
        "type": "github"
      }
    },
    "nixpkgs": {
      "locked": {
        "lastModified": 1672441599,
        "narHash": "sha256-5s/aa/0cpw6MNXQSiUedDnnMVleL/WThL8Q8jYNcc+g=",
        "owner": "NixOS",
        "repo": "nixpkgs",
        "rev": "0c5a734cdeadc39d253018ad0f83fb77eac7ab08",
        "type": "github"
      },
      "original": {
        "owner": "NixOS",
        "ref": "nixos-22.05",
        "repo": "nixpkgs",
        "type": "github"
      }
    },
    "root": {
      "inputs": {
        "devkitnix": "devkitnix",
        "flake-compat": "flake-compat",
        "nixpkgs": "nixpkgs"
      }
    }
  },
  "root": "root",
  "version": 7
}
